
Microsoft Visual Studio Solution File, Format Version 12.00
# Visual Studio Version 17
VisualStudioVersion = 17.7.34031.279
MinimumVisualStudioVersion = 10.0.40219.1
Project("{FAE04EC0-301F-11D3-BF4B-00C04F79EFBC}") = "BlazingShop", "BlazingShop\BlazingShop.csproj", "{0C51E52F-A159-4A1F-B634-5CD61690B27F}"
EndProject
Global
	GlobalSection(SolutionConfigurationPlatforms) = preSolution
		Debug|Any CPU = Debug|Any CPU
		Release|Any CPU = Release|Any CPU
	EndGlobalSection
	GlobalSection(ProjectConfigurationPlatforms) = postSolution
		{0C51E52F-A159-4A1F-B634-5CD61690B27F}.Debug|Any CPU.ActiveCfg = Debug|Any CPU
		{0C51E52F-A159-4A1F-B634-5CD61690B27F}.Debug|Any CPU.Build.0 = Debug|Any CPU
		{0C51E52F-A159-4A1F-B634-5CD61690B27F}.Release|Any CPU.ActiveCfg = Release|Any CPU
		{0C51E52F-A159-4A1F-B634-5CD61690B27F}.Release|Any CPU.Build.0 = Release|Any CPU
	EndGlobalSection
	GlobalSection(SolutionProperties) = preSolution
		HideSolutionNode = FALSE
	EndGlobalSection
	GlobalSection(ExtensibilityGlobals) = postSolution
		SolutionGuid = {CC09E301-4B36-4CB7-A78B-C71C7C00EA0D}
	EndGlobalSection
EndGlobal
